
Microsoft Visual Studio Solution File, Format Version 12.00
# Visual Studio Version 17
VisualStudioVersion = 17.5.002.0
MinimumVisualStudioVersion = 10.0.40219.1
Project("{9A19103F-16F7-4668-BE54-9A1E7A4F7556}") = "dotnet-rpg", "dotnet-rpg.csproj", "{8B24BDA0-DCD5-4AA4-8AFE-F8BDF29FBCA6}"
EndProject
Global
	GlobalSection(SolutionConfigurationPlatforms) = preSolution
		Debug|Any CPU = Debug|Any CPU
		Release|Any CPU = Release|Any CPU
	EndGlobalSection
	GlobalSection(ProjectConfigurationPlatforms) = postSolution
		{8B24BDA0-DCD5-4AA4-8AFE-F8BDF29FBCA6}.Debug|Any CPU.ActiveCfg = Debug|Any CPU
		{8B24BDA0-DCD5-4AA4-8AFE-F8BDF29FBCA6}.Debug|Any CPU.Build.0 = Debug|Any CPU
		{8B24BDA0-DCD5-4AA4-8AFE-F8BDF29FBCA6}.Release|Any CPU.ActiveCfg = Release|Any CPU
		{8B24BDA0-DCD5-4AA4-8AFE-F8BDF29FBCA6}.Release|Any CPU.Build.0 = Release|Any CPU
	EndGlobalSection
	GlobalSection(SolutionProperties) = preSolution
		HideSolutionNode = FALSE
	EndGlobalSection
	GlobalSection(ExtensibilityGlobals) = postSolution
		SolutionGuid = {CD3CF27C-24FB-4A35-869D-967CF454124A}
	EndGlobalSection
EndGlobal
